
Microsoft Visual Studio Solution File, Format Version 12.00
# Visual Studio Version 16
VisualStudioVersion = 25.0.1706.11
MinimumVisualStudioVersion = 10.0.40219.1
Project("{FAE04EC0-301F-11D3-BF4B-00C04F79EFBC}") = "CustomerApi", "CustomerApi\CustomerApi.csproj", "{93A79E97-F786-4275-90B4-2B7E0E9579A0}"
EndProject
Project("{FAE04EC0-301F-11D3-BF4B-00C04F79EFBC}") = "Data", "Data\Data.csproj", "{F8D1069E-F0AB-426B-AD09-757AB84A8FBC}"
EndProject
Global
	GlobalSection(SolutionConfigurationPlatforms) = preSolution
		Debug|Any CPU = Debug|Any CPU
		Release|Any CPU = Release|Any CPU
	EndGlobalSection
	GlobalSection(ProjectConfigurationPlatforms) = postSolution
		{93A79E97-F786-4275-90B4-2B7E0E9579A0}.Debug|Any CPU.ActiveCfg = Debug|Any CPU
		{93A79E97-F786-4275-90B4-2B7E0E9579A0}.Debug|Any CPU.Build.0 = Debug|Any CPU
		{93A79E97-F786-4275-90B4-2B7E0E9579A0}.Release|Any CPU.ActiveCfg = Release|Any CPU
		{93A79E97-F786-4275-90B4-2B7E0E9579A0}.Release|Any CPU.Build.0 = Release|Any CPU
		{F8D1069E-F0AB-426B-AD09-757AB84A8FBC}.Debug|Any CPU.ActiveCfg = Debug|Any CPU
		{F8D1069E-F0AB-426B-AD09-757AB84A8FBC}.Debug|Any CPU.Build.0 = Debug|Any CPU
		{F8D1069E-F0AB-426B-AD09-757AB84A8FBC}.Release|Any CPU.ActiveCfg = Release|Any CPU
		{F8D1069E-F0AB-426B-AD09-757AB84A8FBC}.Release|Any CPU.Build.0 = Release|Any CPU
	EndGlobalSection
	GlobalSection(SolutionProperties) = preSolution
		HideSolutionNode = FALSE
	EndGlobalSection
	GlobalSection(ExtensibilityGlobals) = postSolution
		SolutionGuid = {E2618E40-D2E3-49E5-A436-A08E1C679468}
	EndGlobalSection
	GlobalSection(MonoDevelopProperties) = preSolution
		outputpath = .
	EndGlobalSection
EndGlobal
